
Microsoft Visual Studio Solution File, Format Version 12.00
# Visual Studio 15
VisualStudioVersion = 15.0.27428.2043
MinimumVisualStudioVersion = 10.0.40219.1
Project("{FAE04EC0-301F-11D3-BF4B-00C04F79EFBC}") = "DocumentScheduler.Lib", "DocumentScheduler.Lib\DocumentScheduler.Lib.csproj", "{9C606787-229A-426A-AB3A-4E710C149E2B}"
EndProject
Project("{FAE04EC0-301F-11D3-BF4B-00C04F79EFBC}") = "DocumentScheduler.Api", "DocumentScheduler.Api\DocumentScheduler.Api.csproj", "{EBD23C19-C1C6-43B7-AC99-DB89D8AD473E}"
EndProject
Global
	GlobalSection(SolutionConfigurationPlatforms) = preSolution
		Debug|Any CPU = Debug|Any CPU
		Release|Any CPU = Release|Any CPU
	EndGlobalSection
	GlobalSection(ProjectConfigurationPlatforms) = postSolution
		{9C606787-229A-426A-AB3A-4E710C149E2B}.Debug|Any CPU.ActiveCfg = Debug|Any CPU
		{9C606787-229A-426A-AB3A-4E710C149E2B}.Debug|Any CPU.Build.0 = Debug|Any CPU
		{9C606787-229A-426A-AB3A-4E710C149E2B}.Release|Any CPU.ActiveCfg = Release|Any CPU
		{9C606787-229A-426A-AB3A-4E710C149E2B}.Release|Any CPU.Build.0 = Release|Any CPU
		{EBD23C19-C1C6-43B7-AC99-DB89D8AD473E}.Debug|Any CPU.ActiveCfg = Debug|Any CPU
		{EBD23C19-C1C6-43B7-AC99-DB89D8AD473E}.Debug|Any CPU.Build.0 = Debug|Any CPU
		{EBD23C19-C1C6-43B7-AC99-DB89D8AD473E}.Release|Any CPU.ActiveCfg = Release|Any CPU
		{EBD23C19-C1C6-43B7-AC99-DB89D8AD473E}.Release|Any CPU.Build.0 = Release|Any CPU
	EndGlobalSection
	GlobalSection(SolutionProperties) = preSolution
		HideSolutionNode = FALSE
	EndGlobalSection
	GlobalSection(ExtensibilityGlobals) = postSolution
		SolutionGuid = {AEE2AA88-112C-45F9-B1D8-2BF2034036A2}
	EndGlobalSection
EndGlobal
